[[package]]
category = "dev"
description = "Atomic file writes."
name = "atomicwrites"
optional = false
python-versions = ">=2.7, !=3.0.*, !=3.1.*, !=3.2.*, !=3.3.*"
version = "1.3.0"

[[package]]
category = "dev"
description = "Classes Without Boilerplate"
name = "attrs"
optional = false
python-versions = ">=2.7, !=3.0.*, !=3.1.*, !=3.2.*, !=3.3.*"
version = "19.3.0"

[[package]]
category = "dev"
description = "Cross-platform colored terminal text."
marker = "sys_platform == \"win32\""
name = "colorama"
optional = false
python-versions = ">=2.7, !=3.0.*, !=3.1.*, !=3.2.*, !=3.3.*, !=3.4.*"
version = "0.4.3"

[[package]]
category = "main"
description = "Composable style cycles"
name = "cycler"
optional = false
python-versions = "*"
version = "0.10.0"

[package.dependencies]
six = "*"

[[package]]
category = "main"
description = "Easily serialize dataclasses to and from JSON"
name = "dataclasses-json"
optional = false
python-versions = ">=3.6"
version = "0.3.6"

[package.dependencies]
marshmallow = ">=3.0.1,<4.0.0"
marshmallow-enum = ">=1.5.1,<2.0.0"
stringcase = "1.2.0"
typing-inspect = ">=0.4.0"

[[package]]
category = "main"
description = "Distributed Evolutionary Algorithms in Python"
name = "deap"
optional = false
python-versions = "*"
version = "1.3.0"

[package.dependencies]
numpy = "*"

[[package]]
category = "dev"
description = "Read metadata from Python packages"
marker = "python_version < \"3.8\""
name = "importlib-metadata"
optional = false
python-versions = "!=3.0.*,!=3.1.*,!=3.2.*,!=3.3.*,!=3.4.*,>=2.7"
version = "1.3.0"

[package.dependencies]
zipp = ">=0.5"

[[package]]
category = "main"
description = "Julia/Python bridge with IPython support."
name = "julia"
optional = false
python-versions = "*"
version = "0.5.0"

[[package]]
category = "main"
description = "A fast implementation of the Cassowary constraint solver"
name = "kiwisolver"
optional = false
python-versions = ">=2.7, !=3.0.*, !=3.1.*, !=3.2.*, !=3.3.*"
version = "1.1.0"

[package.dependencies]
setuptools = "*"

[[package]]
category = "main"
description = "lightweight wrapper around basic LLVM functionality"
name = "llvmlite"
optional = false
python-versions = "*"
version = "0.30.0"

[[package]]
category = "main"
description = "A lightweight library for converting complex datatypes to and from native Python datatypes."
name = "marshmallow"
optional = false
python-versions = ">=3.5"
version = "3.3.0"

[[package]]
category = "main"
description = "Enum field for Marshmallow"
name = "marshmallow-enum"
optional = false
python-versions = "*"
version = "1.5.1"

[package.dependencies]
marshmallow = ">=2.0.0"

[[package]]
category = "main"
description = "Python plotting package"
name = "matplotlib"
optional = false
python-versions = ">=3.6"
version = "3.1.2"

[package.dependencies]
cycler = ">=0.10"
kiwisolver = ">=1.0.1"
numpy = ">=1.11"
pyparsing = ">=2.0.1,<2.0.4 || >2.0.4,<2.1.2 || >2.1.2,<2.1.6 || >2.1.6"
python-dateutil = ">=2.1"

[[package]]
category = "dev"
description = "More routines for operating on iterables, beyond itertools"
name = "more-itertools"
optional = false
python-versions = ">=3.5"
version = "8.0.2"

[[package]]
category = "main"
description = "Experimental type system extensions for programs checked with the mypy typechecker."
name = "mypy-extensions"
optional = false
python-versions = "*"
version = "0.4.3"

[[package]]
category = "main"
description = "compiling Python code using LLVM"
name = "numba"
optional = false
python-versions = "*"
version = "0.46.0"

[package.dependencies]
llvmlite = ">=0.30.0dev0"
numpy = "*"

[[package]]
category = "main"
description = "NumPy is the fundamental package for array computing with Python."
name = "numpy"
optional = false
python-versions = ">=3.5"
version = "1.17.4"

[[package]]
category = "main"
description = "Powerful data structures for data analysis, time series, and statistics"
name = "pandas"
optional = false
python-versions = ">=3.5.3"
version = "0.25.3"

[package.dependencies]
numpy = ">=1.13.3"
python-dateutil = ">=2.6.1"
pytz = ">=2017.2"

[[package]]
category = "dev"
description = "plugin and hook calling mechanisms for python"
name = "pluggy"
optional = false
python-versions = ">=2.7, !=3.0.*, !=3.1.*, !=3.2.*, !=3.3.*"
version = "0.13.1"

[package.dependencies]
[package.dependencies.importlib-metadata]
python = "<3.8"
version = ">=0.12"

[[package]]
category = "dev"
description = "library with cross-python path, ini-parsing, io, code, log facilities"
name = "py"
optional = false
python-versions = ">=2.7, !=3.0.*, !=3.1.*, !=3.2.*, !=3.3.*"
version = "1.8.0"

[[package]]
category = "main"
description = "Python parsing module"
name = "pyparsing"
optional = false
python-versions = ">=2.6, !=3.0.*, !=3.1.*, !=3.2.*"
version = "2.4.5"

[[package]]
category = "dev"
description = "pytest: simple powerful testing with Python"
name = "pytest"
optional = false
python-versions = ">=2.7, !=3.0.*, !=3.1.*, !=3.2.*, !=3.3.*"
version = "3.10.1"

[package.dependencies]
atomicwrites = ">=1.0"
attrs = ">=17.4.0"
colorama = "*"
more-itertools = ">=4.0.0"
pluggy = ">=0.7"
py = ">=1.5.0"
setuptools = "*"
six = ">=1.10.0"

[[package]]
category = "main"
description = "Extensions to the standard Python datetime module"
name = "python-dateutil"
optional = false
python-versions = "!=3.0.*,!=3.1.*,!=3.2.*,>=2.7"
version = "2.8.1"

[package.dependencies]
six = ">=1.5"

[[package]]
category = "main"
description = "World timezone definitions, modern and historical"
name = "pytz"
optional = false
python-versions = "*"
version = "2019.3"

[[package]]
category = "main"
description = "Python 2 and 3 compatibility utilities"
name = "six"
optional = false
python-versions = ">=2.6, !=3.0.*, !=3.1.*"
version = "1.13.0"

[[package]]
category = "main"
description = "String case converter."
name = "stringcase"
optional = false
python-versions = "*"
version = "1.2.0"

[[package]]
category = "main"
description = "Backported and Experimental Type Hints for Python 3.5+"
name = "typing-extensions"
optional = false
python-versions = "*"
version = "3.7.4.1"

[[package]]
category = "main"
description = "Runtime inspection utilities for typing module."
name = "typing-inspect"
optional = false
python-versions = "*"
version = "0.5.0"

[package.dependencies]
mypy-extensions = ">=0.3.0"
typing-extensions = ">=3.7.4"

[[package]]
category = "dev"
description = "Backport of pathlib-compatible object wrapper for zip files"
marker = "python_version < \"3.8\""
name = "zipp"
optional = false
python-versions = ">=2.7"
version = "0.6.0"

[package.dependencies]
more-itertools = "*"

[metadata]
content-hash = "428bf2e252961cfe494f260fec2619d99259901d0d907b409cba1d21dd199287"
python-versions = "^3.7"

[metadata.hashes]
atomicwrites = ["03472c30eb2c5d1ba9227e4c2ca66ab8287fbfbbda3888aa93dc2e28fc6811b4", "75a9445bac02d8d058d5e1fe689654ba5a6556a1dfd8ce6ec55a0ed79866cfa6"]
attrs = ["08a96c641c3a74e44eb59afb61a24f2cb9f4d7188748e76ba4bb5edfa3cb7d1c", "f7b7ce16570fe9965acd6d30101a28f62fb4a7f9e926b3bbc9b61f8b04247e72"]
colorama = ["7d73d2a99753107a36ac6b455ee49046802e59d9d076ef8e47b61499fa29afff", "e96da0d330793e2cb9485e9ddfd918d456036c7149416295932478192f4436a1"]
cycler = ["1d8a5ae1ff6c5cf9b93e8811e581232ad8920aeec647c37316ceac982b08cb2d", "cd7b2d1018258d7247a71425e9f26463dfb444d411c39569972f4ce586b0c9d8"]
dataclasses-json = ["616876ac06ca3a8f2ae977a4e044850e81dbd3f86a404430b783e12f017b75b5", "ebdf7407681763d6125fd00d15ed037cc3aa6f9129fe7634e8f891410e89559f"]
deap = ["01ab6067af3c86bd3a00a0d5e0c9860220c7cf412031f9cce18a6d08ec25b808", "0dc11a5521f661a7c7f475466d932b056fbfee8447ad73b007d69ef75c924355", "11162ae0343a25f5a8625f683ce16bad5757812d71db6b80a5ac7c25799a1a88", "1873f5e2a55ff61dac965b55cc042b2fe5529edbd54fc0fc1061664ddb4b75db", "19f6a60c91313cb1f39a9687bc54efab8abc599e5f81b87faedf583efc388602", "21787af1e4a56345bbffa6d1b07f5611d3ef7b299e5e832e6ab28dbab5c5c10e", "2f50f38ae0c82554a476d6c6013c85da4a8d7cac102edc4ec460a658200bd832", "31ed6220068e703d3f54c53046b8f25b85a9225c64e1e50172c2172c4bd8a7fe", "34594ba2f417ccb622b0ff54c25850fde80e12ca89fde6f242b15029e846be29", "3603c91779c276588884321637212511962b2f0668cec56b2b5664d28f28eee7", "583e6dd8bf48f0f3693c89a57ac7fbd1e99dfa3ed4a4c8b019900debfd5aefe5", "5d797af17a74669dabca2c978660123eba888c9be4fe2658d77967b9b6fb7f07", "5ee3cee4eac683237915bf570ede65047224ac6f392970fed029e3404935647c", "600e95e745cee25fda8c9a67219c9f46c4661da636a5af9f5e924230e7a3aeac", "6102d8bca425ff5d704f7631b69c22e33782e33020ce059cc88085746444ebfe", "669840720da9c4571efd9d0efdf90267009686b7a4c43dd4ab124e33e9cc153a", "6c5ef3b6c387cd28c7aab0297b05a9994b9c88dfd8a89236866c14703d55f9dc", "7ff7ec27d12ac651c57327e57bd10150896ff5f125384e3c427290812cbf18c4", "8df4dff00d92116b77cb99b2c66f8e2bd860141cec7e3aac14eafed7cd584317", "a0a0e56bd52a262ee12f84fa883b7ec5367532b784e2a6e83b1f7126b69d2300", "a1cc5fc4a2735ec5560ddef84f80beb84540d3221a147b53bba5e6a8718c8a55", "b05f607041c3f8aac5364055cb9632714bc62fe93e53283fbafea9ba91e13a69", "cd0fd7bccf7837b9e6a666b75e1c3a629fa3f5bc346cb90a9edd8cd56f085980", "cf1e53c822526bbc418333c47f668f394b00b51fddb4f15c54d5f190b2b88f17", "d87e03f970fb4f16b8fa36c50a27c79c2119fc877287e32eefd354232246db21", "e648e1d76d5c8ecbce7f312bd174e4d2613debddd81f2a614b9023f7ad0331a0", "f146a9a0957510b57a2b5c669a26f0b84b2d219000b5684f4827884a75ad2ea7", "f1a0d1390e0b4f9edd4cbf2903c7d60865f43bad00de239aa066ffeda4ad7ee0", "fe789aa74ba78549030037dc9580510ff1763ef12fdf05cb92dda74237110565"]
importlib-metadata = ["073a852570f92da5f744a3472af1b61e28e9f78ccf0c9117658dc32b15de7b45", "d95141fbfa7ef2ec65cfd945e2af7e5a6ddbd7c8d9a25e66ff3be8e3daf9f60f"]
julia = ["82d80f858dabb3ab6208ad8d4964517c1e9ad9b84e0cda81ce6254a813890922", "fcb8a44650751fd4b0d656982fb4725615585aac4982fba48fcfe0e3f3e280ac"]
kiwisolver = ["05b5b061e09f60f56244adc885c4a7867da25ca387376b02c1efc29cc16bcd0f", "210d8c39d01758d76c2b9a693567e1657ec661229bc32eac30761fa79b2474b0", "26f4fbd6f5e1dabff70a9ba0d2c4bd30761086454aa30dddc5b52764ee4852b7", "3b15d56a9cd40c52d7ab763ff0bc700edbb4e1a298dc43715ecccd605002cf11", "3b2378ad387f49cbb328205bda569b9f87288d6bc1bf4cd683c34523a2341efe", "400599c0fe58d21522cae0e8b22318e09d9729451b17ee61ba8e1e7c0346565c", "47b8cb81a7d18dbaf4fed6a61c3cecdb5adec7b4ac292bddb0d016d57e8507d5", "53eaed412477c836e1b9522c19858a8557d6e595077830146182225613b11a75", "58e626e1f7dfbb620d08d457325a4cdac65d1809680009f46bf41eaf74ad0187", "5a52e1b006bfa5be04fe4debbcdd2688432a9af4b207a3f429c74ad625022641", "5c7ca4e449ac9f99b3b9d4693debb1d6d237d1542dd6a56b3305fe8a9620f883", "682e54f0ce8f45981878756d7203fd01e188cc6c8b2c5e2cf03675390b4534d5", "76275ee077772c8dde04fb6c5bc24b91af1bb3e7f4816fd1852f1495a64dad93", "79bfb2f0bd7cbf9ea256612c9523367e5ec51d7cd616ae20ca2c90f575d839a2", "7f4dd50874177d2bb060d74769210f3bce1af87a8c7cf5b37d032ebf94f0aca3", "8944a16020c07b682df861207b7e0efcd2f46c7488619cb55f65882279119389", "8aa7009437640beb2768bfd06da049bad0df85f47ff18426261acecd1cf00897", "9105ce82dcc32c73eb53a04c869b6a4bc756b43e4385f76ea7943e827f529e4d", "933df612c453928f1c6faa9236161a1d999a26cd40abf1dc5d7ebbc6dbfb8fca", "939f36f21a8c571686eb491acfffa9c7f1ac345087281b412d63ea39ca14ec4a", "9491578147849b93e70d7c1d23cb1229458f71fc79c51d52dce0809b2ca44eea", "9733b7f64bd9f807832d673355f79703f81f0b3e52bfce420fc00d8cb28c6a6c", "a02f6c3e229d0b7220bd74600e9351e18bc0c361b05f29adae0d10599ae0e326", "a0c0a9f06872330d0dd31b45607197caab3c22777600e88031bfe66799e70bb0", "aa716b9122307c50686356cfb47bfbc66541868078d0c801341df31dca1232a9", "acc4df99308111585121db217681f1ce0eecb48d3a828a2f9bbf9773f4937e9e", "b64916959e4ae0ac78af7c3e8cef4becee0c0e9694ad477b4c6b3a536de6a544", "d22702cadb86b6fcba0e6b907d9f84a312db9cd6934ee728144ce3018e715ee1", "d3fcf0819dc3fea58be1fd1ca390851bdb719a549850e708ed858503ff25d995", "d52e3b1868a4e8fd18b5cb15055c76820df514e26aa84cc02f593d99fef6707f", "db1a5d3cc4ae943d674718d6c47d2d82488ddd94b93b9e12d24aabdbfe48caee", "e3a21a720791712ed721c7b95d433e036134de6f18c77dbe96119eaf7aa08004", "e8bf074363ce2babeb4764d94f8e65efd22e6a7c74860a4f05a6947afc020ff2", "f16814a4a96dc04bf1da7d53ee8d5b1d6decfc1a92a63349bb15d37b6a263dd9", "f2b22153870ca5cf2ab9c940d7bc38e8e9089fa0f7e5856ea195e1cf4ff43d5a", "f790f8b3dff3d53453de6a7b7ddd173d2e020fb160baff578d578065b108a05f", "fe51b79da0062f8e9d49ed0182a626a7dc7a0cbca0328f612c6ee5e4711c81e4"]
llvmlite = ["06eb546c9d8f138dd91484e0e898cf0f10100e82f0112bb39f9fdcff18aca631", "1ad4f3462169884b087a9c300db26841b20d996e9f07652ca7178f9a0296ffc4", "327161412337f9e14e3a5babcfcfa4e7e6aa89cf1400fdbe162a4e19e6418013", "327558ee71574ecd813b3feb3ffd1f5c32a20595f2c7d02b503aafa55d79285a", "3f71e9a03da5b666ddbadf645182921fb399c7d4cf5c6660ebc456c3a491b041", "4386c310138aa381bace2a88ddf743ec944d11687e9a98777266abc66c8e53ee", "4eaa398d4cafb76e2d8f30ca6ab875039a1023c91e7a690c6ddec20e58bb9a07", "4f0bfd1cb98d4d240275ec83876e10f9b9d31e758e8464135c46a257b9837649", "6667551d737e31d7134c731bddf2c9177cc9bcac72da7b16999098218272fc0b", "692ad0a0012f2cefe17b7bd0a0fddc903f9c6b2047a8e8fdb7a8f4e4b1f6cf95", "81db97d407012f474097c644cb689e4c4649ebf66a018cfa2b7580b1e5417677", "8523c21b2ace8bf5ee2dfeb86c9703714be43ce93fa99e29143d25f1ef01b51e", "960ac92388a23ea8036f7c321facd2d721952db3ee62d6aa763dc219e53aebf1", "965fc64a2f5ca38326d7755e6b1447c3d85bb8bd043907d4dc3eff337d1f3a5d", "983b5bfdce72f4008016a5d9e3bcca072ef08d13d782e45d94ef6ea32768814e", "a63fa4a09a2292d9b5a166e45c9feb65299a0520ba46f42af0b0a467329883e5", "c3f3c64be18b754175b78ab76e0f11d9d9ec11832fbc4ed15329dd52b2d6d40f", "c6daff653c0b516add52639c7b05b4176670e79cd308d53d801606b1b64bcd22", "d2596ea5346f7327d2fca01e047ea9e2b0a5e60df0a112f4d88d8cd4b98bc2b5", "d5a8b571f333c5bd6ca26092faec6b728e40c1a7d7c24ff4d9b8cf2a9799852c", "dab58e45c0ef5bd47f657fa5ff2e7341846798632517aa319368c998fe994c4e"]
marshmallow = ["0ba81b6da4ae69eb229b74b3c741ff13fe04fb899824377b1aff5aaa1a9fd46e", "3e53dd9e9358977a3929e45cdbe4a671f9eff53a7d6a23f33ed3eab8c1890d8f"]
marshmallow-enum = ["38e697e11f45a8e64b4a1e664000897c659b60aa57bfa18d44e226a9920b6e58", "57161ab3dbfde4f57adeb12090f39592e992b9c86d206d02f6bd03ebec60f072"]
matplotlib = ["08ccc8922eb4792b91c652d3e6d46b1c99073f1284d1b6705155643e8046463a", "161dcd807c0c3232f4dcd4a12a382d52004a498174cbfafd40646106c5bcdcc8", "1f9e885bfa1b148d16f82a6672d043ecf11197f6c71ae222d0546db706e52eb2", "2d6ab54015a7c0d727c33e36f85f5c5e4172059efdd067f7527f6e5d16ad01aa", "5d2e408a2813abf664bd79431107543ecb449136912eb55bb312317edecf597e", "61c8b740a008218eb604de518eb411c4953db0cb725dd0b32adf8a81771cab9e", "80f10af8378fccc136da40ea6aa4a920767476cdfb3241acb93ef4f0465dbf57", "819d4860315468b482f38f1afe45a5437f60f03eaede495d5ff89f2eeac89500", "8cc0e44905c2c8fda5637cad6f311eb9517017515a034247ab93d0cf99f8bb7a", "8e8e2c2fe3d873108735c6ee9884e6f36f467df4a143136209cff303b183bada", "98c2ffeab8b79a4e3a0af5dd9939f92980eb6e3fec10f7f313df5f35a84dacab", "d59bb0e82002ac49f4152963f8a1079e66794a4f454457fd2f0dcc7bf0797d30", "ee59b7bb9eb75932fe3787e54e61c99b628155b0cedc907864f24723ba55b309"]
more-itertools = ["b84b238cce0d9adad5ed87e745778d20a3f8487d0f0cb8b8a586816c7496458d", "c833ef592a0324bcc6a60e48440da07645063c453880c9477ceb22490aec1564"]
mypy-extensions = ["090fedd75945a69ae91ce1303b5824f428daf5a028d2f6ab8a299250a846f15d", "2d82818f5bb3e369420cb3c4060a7970edba416647068eb4c5343488a6c604a8"]
numba = ["03944e9d267ab9e9ee9f528e97b74104d0219d775a14ef6358e1c0ef1eebe11a", "05e8f2ebb672201736c24292a7e911baf09c88bd040e634573ac110934d9e3d0", "0af9a5d32a00468942d5f2d14ec2a6ae6a8bf7b39153d9bc9813b047e106ad8d", "35ad551b84747449e9e14fece95d743ae54457effadb84db599d2caf21c69faf", "42a8105fe509970fa66c7a3c7379ef9253703db767a1411646f1d77736bde841", "47db8f276609fdf9e27b5ea0d43ee081e087fb22466f8b334a86f2dc595bf712", "581c03d740ee5706a322ee1bcd259bb86a947253435b67de3b8e216f57e846cb", "5ee714f98ae21dd20827079744b711aa0ee6cdbaaed910effe07ad69d4f6a7a5", "691fb4a96b9f66dd4c1514e20c9063607dd58873e634542eae66c804d8dc9703", "6adbe61b2756d20bd029fde665859330a39c1647ddd442e2ef2b785be3005e4b", "7d3d541652fd75f7e2cdc5184297d6d56a095e07ebdaaaac98f157de258fe8cb", "8484c60e8c96322391f3ca23646bd0db018de17966ef75e93c2f6c13e24780a2", "87126540fb1bb9ba5cf4be19893d457a97510be6c0bff5c20288f6b029824900", "930dcd2660f24000f99b4b5be632534bf7b4cf9c161bd268f35d3666aadf8a9f", "ab74bf22e4c6cc81b0289e6a450d0e33bff64cf747ad65a2a3218977fca3211d", "c046cdaaa40265af6b3f66322e89bc9898a741915919fd96c24b2773cc3d125a", "c2cbaeae60f80805290fff50175028726fae12692404a36babd3326730fbceee", "cd4afb8b146f35ad8b9f2b186ba8e0420a76022ea5cf141a5efe41dbb2aca875", "d10d4fd28f972248a97e4e69a517d74bcbec5f2ee15760545ea353ea809358f4", "d2487d38ee2ef36e5c0d2f0565e8f942451546a2aec6ce4f93c9c3f47381de51", "ff5914fa1f5558896c25dd50c155e2cc0ec3db279090964bda4f8dc9c8f1bd36"]
numpy = ["0a7a1dd123aecc9f0076934288ceed7fd9a81ba3919f11a855a7887cbe82a02f", "0c0763787133dfeec19904c22c7e358b231c87ba3206b211652f8cbe1241deb6", "3d52298d0be333583739f1aec9026f3b09fdfe3ddf7c7028cb16d9d2af1cca7e", "43bb4b70585f1c2d153e45323a886839f98af8bfa810f7014b20be714c37c447", "475963c5b9e116c38ad7347e154e5651d05a2286d86455671f5b1eebba5feb76", "64874913367f18eb3013b16123c9fed113962e75d809fca5b78ebfbb73ed93ba", "683828e50c339fc9e68720396f2de14253992c495fdddef77a1e17de55f1decc", "6ca4000c4a6f95a78c33c7dadbb9495c10880be9c89316aa536eac359ab820ae", "75fd817b7061f6378e4659dd792c84c0b60533e867f83e0d1e52d5d8e53df88c", "7d81d784bdbed30137aca242ab307f3e65c8d93f4c7b7d8f322110b2e90177f9", "8d0af8d3664f142414fd5b15cabfd3b6cc3ef242a3c7a7493257025be5a6955f", "9679831005fb16c6df3dd35d17aa31dc0d4d7573d84f0b44cc481490a65c7725", "a8f67ebfae9f575d85fa859b54d3bdecaeece74e3274b0b5c5f804d7ca789fe1", "acbf5c52db4adb366c064d0b7c7899e3e778d89db585feadd23b06b587d64761", "ada4805ed51f5bcaa3a06d3dd94939351869c095e30a2b54264f5a5004b52170", "c7354e8f0eca5c110b7e978034cd86ed98a7a5ffcf69ca97535445a595e07b8e", "e2e9d8c87120ba2c591f60e32736b82b67f72c37ba88a4c23c81b5b8fa49c018", "e467c57121fe1b78a8f68dd9255fbb3bb3f4f7547c6b9e109f31d14569f490c3", "ede47b98de79565fcd7f2decb475e2dcc85ee4097743e551fe26cfc7eb3ff143", "f58913e9227400f1395c7b800503ebfdb0772f1c33ff8cb4d6451c06cabdf316", "fe39f5fd4103ec4ca3cb8600b19216cd1ff316b4990f4c0b6057ad982c0a34d5"]
pandas = ["00dff3a8e337f5ed7ad295d98a31821d3d0fe7792da82d78d7fd79b89c03ea9d", "22361b1597c8c2ffd697aa9bf85423afa9e1fcfa6b1ea821054a244d5f24d75e", "255920e63850dc512ce356233081098554d641ba99c3767dde9e9f35630f994b", "26382aab9c119735908d94d2c5c08020a4a0a82969b7e5eefb92f902b3b30ad7", "33970f4cacdd9a0ddb8f21e151bfb9f178afb7c36eb7c25b9094c02876f385c2", "4545467a637e0e1393f7d05d61dace89689ad6d6f66f267f86fff737b702cce9", "52da74df8a9c9a103af0a72c9d5fdc8e0183a90884278db7f386b5692a2220a4", "61741f5aeb252f39c3031d11405305b6d10ce663c53bc3112705d7ad66c013d0", "6a3ac2c87e4e32a969921d1428525f09462770c349147aa8e9ab95f88c71ec71", "7458c48e3d15b8aaa7d575be60e1e4dd70348efcd9376656b72fecd55c59a4c3", "78bf638993219311377ce9836b3dc05f627a666d0dbc8cec37c0ff3c9ada673b", "8153705d6545fd9eb6dd2bc79301bff08825d2e2f716d5dced48daafc2d0b81f", "975c461accd14e89d71772e89108a050fa824c0b87a67d34cedf245f6681fc17", "9962957a27bfb70ab64103d0a7b42fa59c642fb4ed4cb75d0227b7bb9228535d", "adc3d3a3f9e59a38d923e90e20c4922fc62d1e5a03d083440468c6d8f3f1ae0a", "bbe3eb765a0b1e578833d243e2814b60c825b7fdbf4cdfe8e8aae8a08ed56ecf", "df8864824b1fe488cf778c3650ee59c3a0d8f42e53707de167ba6b4f7d35f133", "e45055c30a608076e31a9fcd780a956ed3b1fa20db61561b8d88b79259f526f7", "ee50c2142cdcf41995655d499a157d0a812fce55c97d9aad13bc1eef837ed36c"]
pluggy = ["15b2acde666561e1298d71b523007ed7364de07029219b604cf808bfa1c765b0", "966c145cd83c96502c3c3868f50408687b38434af77734af1e9ca461a4081d2d"]
py = ["64f65755aee5b381cea27766a3a147c3f15b9b6b9ac88676de66ba2ae36793fa", "dc639b046a6e2cff5bbe40194ad65936d6ba360b52b3c3fe1d08a82dd50b5e53"]
pyparsing = ["20f995ecd72f2a1f4bf6b072b63b22e2eb457836601e76d6e5dfcd75436acc1f", "4ca62001be367f01bd3e92ecbb79070272a9d4964dce6a48a82ff0b8bc7e683a"]
pytest = ["3f193df1cfe1d1609d4c583838bea3d532b18d6160fd3f55c9447fdca30848ec", "e246cf173c01169b9617fc07264b7b1316e78d7a650055235d6d897bc80d9660"]
python-dateutil = ["73ebfe9dbf22e832286dafa60473e4cd239f8592f699aa5adaf10050e6e1823c", "75bb3f31ea686f1197762692a9ee6a7550b59fc6ca3a1f4b5d7e32fb98e2da2a"]
pytz = ["1c557d7d0e871de1f5ccd5833f60fb2550652da6be2693c1e02300743d21500d", "b02c06db6cf09c12dd25137e563b31700d3b80fcc4ad23abb7a315f2789819be"]
six = ["1f1b7d42e254082a9db6279deae68afb421ceba6158efa6131de7b3003ee93fd", "30f610279e8b2578cab6db20741130331735c781b56053c59c4076da27f06b66"]
stringcase = ["48a06980661908efe8d9d34eab2b6c13aefa2163b3ced26972902e3bdfd87008"]
typing-extensions = ["091ecc894d5e908ac75209f10d5b4f118fbdb2eb1ede6a63544054bb1edb41f2", "910f4656f54de5993ad9304959ce9bb903f90aadc7c67a0bef07e678014e892d", "cf8b63fedea4d89bab840ecbb93e75578af28f76f66c35889bd7065f5af88575"]
typing-inspect = ["75c97b7854426a129f3184c68588db29091ff58e6908ed520add1d52fc44df6e", "811b44f92e780b90cfe7bac94249a4fae87cfaa9b40312765489255045231d9c", "c6ed1cd34860857c53c146a6704a96da12e1661087828ce350f34addc6e5eee3"]
zipp = ["3718b1cbcd963c7d4c5511a8240812904164b7f381b647143a89d3b98f9bcd8e", "f06903e9f1f43b12d371004b4ac7b06ab39a44adc747266928ae6debfa7b3335"]
